
Microsoft Visual Studio Solution File, Format Version 12.00
# Visual Studio Version 16
VisualStudioVersion = 16.0.30804.86
MinimumVisualStudioVersion = 10.0.40219.1
Project("{FAE04EC0-301F-11D3-BF4B-00C04F79EFBC}") = "SAC_VALES.Common", "SAC_VALES.Common\SAC_VALES.Common.csproj", "{3ABE6D7D-5DEB-4670-AC1E-44A15805557B}"
EndProject
Project("{FAE04EC0-301F-11D3-BF4B-00C04F79EFBC}") = "SAC_VALES.Web", "SAC_VALES.Web\SAC_VALES.Web.csproj", "{0D6EDCEC-391E-4197-B3C6-0D59F751C42A}"
EndProject
Project("{FAE04EC0-301F-11D3-BF4B-00C04F79EFBC}") = "SAC_VALES.Prism", "SAC_VALES.Prism\SAC_VALES.Prism\SAC_VALES.Prism.csproj", "{39A2C331-EF28-493A-8FD8-70D73CD8B631}"
EndProject
Project("{FAE04EC0-301F-11D3-BF4B-00C04F79EFBC}") = "SAC_VALES.Prism.Android", "SAC_VALES.Prism\SAC_VALES.Prism.Android\SAC_VALES.Prism.Android.csproj", "{7A85156D-0699-4224-A7B7-B97DD271C2A3}"
EndProject
Project("{FAE04EC0-301F-11D3-BF4B-00C04F79EFBC}") = "SAC_VALES.Prism.iOS", "SAC_VALES.Prism\SAC_VALES.Prism.iOS\SAC_VALES.Prism.iOS.csproj", "{FB867D31-C3A8-474A-B63E-B90AB161227B}"
EndProject
Project("{FAE04EC0-301F-11D3-BF4B-00C04F79EFBC}") = "SAC_VALES.Cross.Android", "SAC_VALES.Cross.Android\SAC_VALES.Cross.Android.csproj", "{A87ADEC5-29AE-4E31-9826-6D44651C964F}"
EndProject
Project("{FAE04EC0-301F-11D3-BF4B-00C04F79EFBC}") = "SAC_VALES.Cross.IOS", "SAC_VALES.Cross.IOS\SAC_VALES.Cross.IOS.csproj", "{33A13B29-03F2-4924-923D-0364849AFF2E}"
EndProject
Global
	GlobalSection(SolutionConfigurationPlatforms) = preSolution
		Ad-Hoc|Any CPU = Ad-Hoc|Any CPU
		Ad-Hoc|iPhone = Ad-Hoc|iPhone
		Ad-Hoc|iPhoneSimulator = Ad-Hoc|iPhoneSimulator
		AppStore|Any CPU = AppStore|Any CPU
		AppStore|iPhone = AppStore|iPhone
		AppStore|iPhoneSimulator = AppStore|iPhoneSimulator
		Debug|Any CPU = Debug|Any CPU
		Debug|iPhone = Debug|iPhone
		Debug|iPhoneSimulator = Debug|iPhoneSimulator
		Release|Any CPU = Release|Any CPU
		Release|iPhone = Release|iPhone
		Release|iPhoneSimulator = Release|iPhoneSimulator
	EndGlobalSection
	GlobalSection(ProjectConfigurationPlatforms) = postSolution
		{3ABE6D7D-5DEB-4670-AC1E-44A15805557B}.Ad-Hoc|Any CPU.ActiveCfg = Debug|Any CPU
		{3ABE6D7D-5DEB-4670-AC1E-44A15805557B}.Ad-Hoc|Any CPU.Build.0 = Debug|Any CPU
		{3ABE6D7D-5DEB-4670-AC1E-44A15805557B}.Ad-Hoc|iPhone.ActiveCfg = Debug|Any CPU
		{3ABE6D7D-5DEB-4670-AC1E-44A15805557B}.Ad-Hoc|iPhone.Build.0 = Debug|Any CPU
		{3ABE6D7D-5DEB-4670-AC1E-44A15805557B}.Ad-Hoc|iPhoneSimulator.ActiveCfg = Debug|Any CPU
		{3ABE6D7D-5DEB-4670-AC1E-44A15805557B}.Ad-Hoc|iPhoneSimulator.Build.0 = Debug|Any CPU
		{3ABE6D7D-5DEB-4670-AC1E-44A15805557B}.AppStore|Any CPU.ActiveCfg = Debug|Any CPU
		{3ABE6D7D-5DEB-4670-AC1E-44A15805557B}.AppStore|Any CPU.Build.0 = Debug|Any CPU
		{3ABE6D7D-5DEB-4670-AC1E-44A15805557B}.AppStore|iPhone.ActiveCfg = Debug|Any CPU
		{3ABE6D7D-5DEB-4670-AC1E-44A15805557B}.AppStore|iPhone.Build.0 = Debug|Any CPU
		{3ABE6D7D-5DEB-4670-AC1E-44A15805557B}.AppStore|iPhoneSimulator.ActiveCfg = Debug|Any CPU
		{3ABE6D7D-5DEB-4670-AC1E-44A15805557B}.AppStore|iPhoneSimulator.Build.0 = Debug|Any CPU
		{3ABE6D7D-5DEB-4670-AC1E-44A15805557B}.Debug|Any CPU.ActiveCfg = Debug|Any CPU
		{3ABE6D7D-5DEB-4670-AC1E-44A15805557B}.Debug|Any CPU.Build.0 = Debug|Any CPU
		{3ABE6D7D-5DEB-4670-AC1E-44A15805557B}.Debug|iPhone.ActiveCfg = Debug|Any CPU
		{3ABE6D7D-5DEB-4670-AC1E-44A15805557B}.Debug|iPhone.Build.0 = Debug|Any CPU
		{3ABE6D7D-5DEB-4670-AC1E-44A15805557B}.Debug|iPhoneSimulator.ActiveCfg = Debug|Any CPU
		{3ABE6D7D-5DEB-4670-AC1E-44A15805557B}.Debug|iPhoneSimulator.Build.0 = Debug|Any CPU
		{3ABE6D7D-5DEB-4670-AC1E-44A15805557B}.Release|Any CPU.ActiveCfg = Release|Any CPU
		{3ABE6D7D-5DEB-4670-AC1E-44A15805557B}.Release|Any CPU.Build.0 = Release|Any CPU
		{3ABE6D7D-5DEB-4670-AC1E-44A15805557B}.Release|iPhone.ActiveCfg = Release|Any CPU
		{3ABE6D7D-5DEB-4670-AC1E-44A15805557B}.Release|iPhone.Build.0 = Release|Any CPU
		{3ABE6D7D-5DEB-4670-AC1E-44A15805557B}.Release|iPhoneSimulator.ActiveCfg = Release|Any CPU
		{3ABE6D7D-5DEB-4670-AC1E-44A15805557B}.Release|iPhoneSimulator.Build.0 = Release|Any CPU
		{0D6EDCEC-391E-4197-B3C6-0D59F751C42A}.Ad-Hoc|Any CPU.ActiveCfg = Debug|Any CPU
		{0D6EDCEC-391E-4197-B3C6-0D59F751C42A}.Ad-Hoc|Any CPU.Build.0 = Debug|Any CPU
		{0D6EDCEC-391E-4197-B3C6-0D59F751C42A}.Ad-Hoc|iPhone.ActiveCfg = Debug|Any CPU
		{0D6EDCEC-391E-4197-B3C6-0D59F751C42A}.Ad-Hoc|iPhone.Build.0 = Debug|Any CPU
		{0D6EDCEC-391E-4197-B3C6-0D59F751C42A}.Ad-Hoc|iPhoneSimulator.ActiveCfg = Debug|Any CPU
		{0D6EDCEC-391E-4197-B3C6-0D59F751C42A}.Ad-Hoc|iPhoneSimulator.Build.0 = Debug|Any CPU
		{0D6EDCEC-391E-4197-B3C6-0D59F751C42A}.AppStore|Any CPU.ActiveCfg = Debug|Any CPU
		{0D6EDCEC-391E-4197-B3C6-0D59F751C42A}.AppStore|Any CPU.Build.0 = Debug|Any CPU
		{0D6EDCEC-391E-4197-B3C6-0D59F751C42A}.AppStore|iPhone.ActiveCfg = Debug|Any CPU
		{0D6EDCEC-391E-4197-B3C6-0D59F751C42A}.AppStore|iPhone.Build.0 = Debug|Any CPU
		{0D6EDCEC-391E-4197-B3C6-0D59F751C42A}.AppStore|iPhoneSimulator.ActiveCfg = Debug|Any CPU
		{0D6EDCEC-391E-4197-B3C6-0D59F751C42A}.AppStore|iPhoneSimulator.Build.0 = Debug|Any CPU
		{0D6EDCEC-391E-4197-B3C6-0D59F751C42A}.Debug|Any CPU.ActiveCfg = Debug|Any CPU
		{0D6EDCEC-391E-4197-B3C6-0D59F751C42A}.Debug|Any CPU.Build.0 = Debug|Any CPU
		{0D6EDCEC-391E-4197-B3C6-0D59F751C42A}.Debug|iPhone.ActiveCfg = Debug|Any CPU
		{0D6EDCEC-391E-4197-B3C6-0D59F751C42A}.Debug|iPhone.Build.0 = Debug|Any CPU
		{0D6EDCEC-391E-4197-B3C6-0D59F751C42A}.Debug|iPhoneSimulator.ActiveCfg = Debug|Any CPU
		{0D6EDCEC-391E-4197-B3C6-0D59F751C42A}.Debug|iPhoneSimulator.Build.0 = Debug|Any CPU
		{0D6EDCEC-391E-4197-B3C6-0D59F751C42A}.Release|Any CPU.ActiveCfg = Release|Any CPU
		{0D6EDCEC-391E-4197-B3C6-0D59F751C42A}.Release|Any CPU.Build.0 = Release|Any CPU
		{0D6EDCEC-391E-4197-B3C6-0D59F751C42A}.Release|iPhone.ActiveCfg = Release|Any CPU
		{0D6EDCEC-391E-4197-B3C6-0D59F751C42A}.Release|iPhone.Build.0 = Release|Any CPU
		{0D6EDCEC-391E-4197-B3C6-0D59F751C42A}.Release|iPhoneSimulator.ActiveCfg = Release|Any CPU
		{0D6EDCEC-391E-4197-B3C6-0D59F751C42A}.Release|iPhoneSimulator.Build.0 = Release|Any CPU
		{39A2C331-EF28-493A-8FD8-70D73CD8B631}.Ad-Hoc|Any CPU.ActiveCfg = Debug|Any CPU
		{39A2C331-EF28-493A-8FD8-70D73CD8B631}.Ad-Hoc|Any CPU.Build.0 = Debug|Any CPU
		{39A2C331-EF28-493A-8FD8-70D73CD8B631}.Ad-Hoc|iPhone.ActiveCfg = Debug|Any CPU
		{39A2C331-EF28-493A-8FD8-70D73CD8B631}.Ad-Hoc|iPhone.Build.0 = Debug|Any CPU
		{39A2C331-EF28-493A-8FD8-70D73CD8B631}.Ad-Hoc|iPhoneSimulator.ActiveCfg = Debug|Any CPU
		{39A2C331-EF28-493A-8FD8-70D73CD8B631}.Ad-Hoc|iPhoneSimulator.Build.0 = Debug|Any CPU
		{39A2C331-EF28-493A-8FD8-70D73CD8B631}.AppStore|Any CPU.ActiveCfg = Debug|Any CPU
		{39A2C331-EF28-493A-8FD8-70D73CD8B631}.AppStore|Any CPU.Build.0 = Debug|Any CPU
		{39A2C331-EF28-493A-8FD8-70D73CD8B631}.AppStore|iPhone.ActiveCfg = Debug|Any CPU
		{39A2C331-EF28-493A-8FD8-70D73CD8B631}.AppStore|iPhone.Build.0 = Debug|Any CPU
		{39A2C331-EF28-493A-8FD8-70D73CD8B631}.AppStore|iPhoneSimulator.ActiveCfg = Debug|Any CPU
		{39A2C331-EF28-493A-8FD8-70D73CD8B631}.AppStore|iPhoneSimulator.Build.0 = Debug|Any CPU
		{39A2C331-EF28-493A-8FD8-70D73CD8B631}.Debug|Any CPU.ActiveCfg = Debug|Any CPU
		{39A2C331-EF28-493A-8FD8-70D73CD8B631}.Debug|Any CPU.Build.0 = Debug|Any CPU
		{39A2C331-EF28-493A-8FD8-70D73CD8B631}.Debug|iPhone.ActiveCfg = Debug|Any CPU
		{39A2C331-EF28-493A-8FD8-70D73CD8B631}.Debug|iPhone.Build.0 = Debug|Any CPU
		{39A2C331-EF28-493A-8FD8-70D73CD8B631}.Debug|iPhoneSimulator.ActiveCfg = Debug|Any CPU
		{39A2C331-EF28-493A-8FD8-70D73CD8B631}.Debug|iPhoneSimulator.Build.0 = Debug|Any CPU
		{39A2C331-EF28-493A-8FD8-70D73CD8B631}.Release|Any CPU.ActiveCfg = Release|Any CPU
		{39A2C331-EF28-493A-8FD8-70D73CD8B631}.Release|Any CPU.Build.0 = Release|Any CPU
		{39A2C331-EF28-493A-8FD8-70D73CD8B631}.Release|iPhone.ActiveCfg = Release|Any CPU
		{39A2C331-EF28-493A-8FD8-70D73CD8B631}.Release|iPhone.Build.0 = Release|Any CPU
		{39A2C331-EF28-493A-8FD8-70D73CD8B631}.Release|iPhoneSimulator.ActiveCfg = Release|Any CPU
		{39A2C331-EF28-493A-8FD8-70D73CD8B631}.Release|iPhoneSimulator.Build.0 = Release|Any CPU
		{7A85156D-0699-4224-A7B7-B97DD271C2A3}.Ad-Hoc|Any CPU.ActiveCfg = Debug|Any CPU
		{7A85156D-0699-4224-A7B7-B97DD271C2A3}.Ad-Hoc|Any CPU.Build.0 = Debug|Any CPU
		{7A85156D-0699-4224-A7B7-B97DD271C2A3}.Ad-Hoc|Any CPU.Deploy.0 = Debug|Any CPU
		{7A85156D-0699-4224-A7B7-B97DD271C2A3}.Ad-Hoc|iPhone.ActiveCfg = Debug|Any CPU
		{7A85156D-0699-4224-A7B7-B97DD271C2A3}.Ad-Hoc|iPhone.Build.0 = Debug|Any CPU
		{7A85156D-0699-4224-A7B7-B97DD271C2A3}.Ad-Hoc|iPhone.Deploy.0 = Debug|Any CPU
		{7A85156D-0699-4224-A7B7-B97DD271C2A3}.Ad-Hoc|iPhoneSimulator.ActiveCfg = Debug|Any CPU
		{7A85156D-0699-4224-A7B7-B97DD271C2A3}.Ad-Hoc|iPhoneSimulator.Build.0 = Debug|Any CPU
		{7A85156D-0699-4224-A7B7-B97DD271C2A3}.Ad-Hoc|iPhoneSimulator.Deploy.0 = Debug|Any CPU
		{7A85156D-0699-4224-A7B7-B97DD271C2A3}.AppStore|Any CPU.ActiveCfg = Debug|Any CPU
		{7A85156D-0699-4224-A7B7-B97DD271C2A3}.AppStore|Any CPU.Build.0 = Debug|Any CPU
		{7A85156D-0699-4224-A7B7-B97DD271C2A3}.AppStore|Any CPU.Deploy.0 = Debug|Any CPU
		{7A85156D-0699-4224-A7B7-B97DD271C2A3}.AppStore|iPhone.ActiveCfg = Debug|Any CPU
		{7A85156D-0699-4224-A7B7-B97DD271C2A3}.AppStore|iPhone.Build.0 = Debug|Any CPU
		{7A85156D-0699-4224-A7B7-B97DD271C2A3}.AppStore|iPhone.Deploy.0 = Debug|Any CPU
		{7A85156D-0699-4224-A7B7-B97DD271C2A3}.AppStore|iPhoneSimulator.ActiveCfg = Debug|Any CPU
		{7A85156D-0699-4224-A7B7-B97DD271C2A3}.AppStore|iPhoneSimulator.Build.0 = Debug|Any CPU
		{7A85156D-0699-4224-A7B7-B97DD271C2A3}.AppStore|iPhoneSimulator.Deploy.0 = Debug|Any CPU
		{7A85156D-0699-4224-A7B7-B97DD271C2A3}.Debug|Any CPU.ActiveCfg = Debug|Any CPU
		{7A85156D-0699-4224-A7B7-B97DD271C2A3}.Debug|Any CPU.Build.0 = Debug|Any CPU
		{7A85156D-0699-4224-A7B7-B97DD271C2A3}.Debug|Any CPU.Deploy.0 = Debug|Any CPU
		{7A85156D-0699-4224-A7B7-B97DD271C2A3}.Debug|iPhone.ActiveCfg = Debug|Any CPU
		{7A85156D-0699-4224-A7B7-B97DD271C2A3}.Debug|iPhone.Build.0 = Debug|Any CPU
		{7A85156D-0699-4224-A7B7-B97DD271C2A3}.Debug|iPhone.Deploy.0 = Debug|Any CPU
		{7A85156D-0699-4224-A7B7-B97DD271C2A3}.Debug|iPhoneSimulator.ActiveCfg = Debug|Any CPU
		{7A85156D-0699-4224-A7B7-B97DD271C2A3}.Debug|iPhoneSimulator.Build.0 = Debug|Any CPU
		{7A85156D-0699-4224-A7B7-B97DD271C2A3}.Debug|iPhoneSimulator.Deploy.0 = Debug|Any CPU
		{7A85156D-0699-4224-A7B7-B97DD271C2A3}.Release|Any CPU.ActiveCfg = Release|Any CPU
		{7A85156D-0699-4224-A7B7-B97DD271C2A3}.Release|Any CPU.Build.0 = Release|Any CPU
		{7A85156D-0699-4224-A7B7-B97DD271C2A3}.Release|Any CPU.Deploy.0 = Release|Any CPU
		{7A85156D-0699-4224-A7B7-B97DD271C2A3}.Release|iPhone.ActiveCfg = Release|Any CPU
		{7A85156D-0699-4224-A7B7-B97DD271C2A3}.Release|iPhone.Build.0 = Release|Any CPU
		{7A85156D-0699-4224-A7B7-B97DD271C2A3}.Release|iPhone.Deploy.0 = Release|Any CPU
		{7A85156D-0699-4224-A7B7-B97DD271C2A3}.Release|iPhoneSimulator.ActiveCfg = Release|Any CPU
		{7A85156D-0699-4224-A7B7-B97DD271C2A3}.Release|iPhoneSimulator.Build.0 = Release|Any CPU
		{7A85156D-0699-4224-A7B7-B97DD271C2A3}.Release|iPhoneSimulator.Deploy.0 = Release|Any CPU
		{FB867D31-C3A8-474A-B63E-B90AB161227B}.Ad-Hoc|Any CPU.ActiveCfg = Ad-Hoc|iPhoneSimulator
		{FB867D31-C3A8-474A-B63E-B90AB161227B}.Ad-Hoc|iPhone.ActiveCfg = Ad-Hoc|iPhone
		{FB867D31-C3A8-474A-B63E-B90AB161227B}.Ad-Hoc|iPhone.Build.0 = Ad-Hoc|iPhone
		{FB867D31-C3A8-474A-B63E-B90AB161227B}.Ad-Hoc|iPhoneSimulator.ActiveCfg = Ad-Hoc|iPhoneSimulator
		{FB867D31-C3A8-474A-B63E-B90AB161227B}.Ad-Hoc|iPhoneSimulator.Build.0 = Ad-Hoc|iPhoneSimulator
		{FB867D31-C3A8-474A-B63E-B90AB161227B}.AppStore|Any CPU.ActiveCfg = AppStore|iPhoneSimulator
		{FB867D31-C3A8-474A-B63E-B90AB161227B}.AppStore|iPhone.ActiveCfg = AppStore|iPhone
		{FB867D31-C3A8-474A-B63E-B90AB161227B}.AppStore|iPhone.Build.0 = AppStore|iPhone
		{FB867D31-C3A8-474A-B63E-B90AB161227B}.AppStore|iPhoneSimulator.ActiveCfg = AppStore|iPhoneSimulator
		{FB867D31-C3A8-474A-B63E-B90AB161227B}.AppStore|iPhoneSimulator.Build.0 = AppStore|iPhoneSimulator
		{FB867D31-C3A8-474A-B63E-B90AB161227B}.Debug|Any CPU.ActiveCfg = Debug|iPhoneSimulator
		{FB867D31-C3A8-474A-B63E-B90AB161227B}.Debug|iPhone.ActiveCfg = Debug|iPhone
		{FB867D31-C3A8-474A-B63E-B90AB161227B}.Debug|iPhone.Build.0 = Debug|iPhone
		{FB867D31-C3A8-474A-B63E-B90AB161227B}.Debug|iPhoneSimulator.ActiveCfg = Debug|iPhoneSimulator
		{FB867D31-C3A8-474A-B63E-B90AB161227B}.Debug|iPhoneSimulator.Build.0 = Debug|iPhoneSimulator
		{FB867D31-C3A8-474A-B63E-B90AB161227B}.Release|Any CPU.ActiveCfg = Release|iPhoneSimulator
		{FB867D31-C3A8-474A-B63E-B90AB161227B}.Release|iPhone.ActiveCfg = Release|iPhone
		{FB867D31-C3A8-474A-B63E-B90AB161227B}.Release|iPhone.Build.0 = Release|iPhone
		{FB867D31-C3A8-474A-B63E-B90AB161227B}.Release|iPhoneSimulator.ActiveCfg = Release|iPhoneSimulator
		{FB867D31-C3A8-474A-B63E-B90AB161227B}.Release|iPhoneSimulator.Build.0 = Release|iPhoneSimulator
		{A87ADEC5-29AE-4E31-9826-6D44651C964F}.Ad-Hoc|Any CPU.ActiveCfg = Debug|Any CPU
		{A87ADEC5-29AE-4E31-9826-6D44651C964F}.Ad-Hoc|Any CPU.Build.0 = Debug|Any CPU
		{A87ADEC5-29AE-4E31-9826-6D44651C964F}.Ad-Hoc|Any CPU.Deploy.0 = Debug|Any CPU
		{A87ADEC5-29AE-4E31-9826-6D44651C964F}.Ad-Hoc|iPhone.ActiveCfg = Debug|Any CPU
		{A87ADEC5-29AE-4E31-9826-6D44651C964F}.Ad-Hoc|iPhone.Build.0 = Debug|Any CPU
		{A87ADEC5-29AE-4E31-9826-6D44651C964F}.Ad-Hoc|iPhone.Deploy.0 = Debug|Any CPU
		{A87ADEC5-29AE-4E31-9826-6D44651C964F}.Ad-Hoc|iPhoneSimulator.ActiveCfg = Debug|Any CPU
		{A87ADEC5-29AE-4E31-9826-6D44651C964F}.Ad-Hoc|iPhoneSimulator.Build.0 = Debug|Any CPU
		{A87ADEC5-29AE-4E31-9826-6D44651C964F}.Ad-Hoc|iPhoneSimulator.Deploy.0 = Debug|Any CPU
		{A87ADEC5-29AE-4E31-9826-6D44651C964F}.AppStore|Any CPU.ActiveCfg = Debug|Any CPU
		{A87ADEC5-29AE-4E31-9826-6D44651C964F}.AppStore|Any CPU.Build.0 = Debug|Any CPU
		{A87ADEC5-29AE-4E31-9826-6D44651C964F}.AppStore|Any CPU.Deploy.0 = Debug|Any CPU
		{A87ADEC5-29AE-4E31-9826-6D44651C964F}.AppStore|iPhone.ActiveCfg = Debug|Any CPU
		{A87ADEC5-29AE-4E31-9826-6D44651C964F}.AppStore|iPhone.Build.0 = Debug|Any CPU
		{A87ADEC5-29AE-4E31-9826-6D44651C964F}.AppStore|iPhone.Deploy.0 = Debug|Any CPU
		{A87ADEC5-29AE-4E31-9826-6D44651C964F}.AppStore|iPhoneSimulator.ActiveCfg = Debug|Any CPU
		{A87ADEC5-29AE-4E31-9826-6D44651C964F}.AppStore|iPhoneSimulator.Build.0 = Debug|Any CPU
		{A87ADEC5-29AE-4E31-9826-6D44651C964F}.AppStore|iPhoneSimulator.Deploy.0 = Debug|Any CPU
		{A87ADEC5-29AE-4E31-9826-6D44651C964F}.Debug|Any CPU.ActiveCfg = Debug|Any CPU
		{A87ADEC5-29AE-4E31-9826-6D44651C964F}.Debug|Any CPU.Build.0 = Debug|Any CPU
		{A87ADEC5-29AE-4E31-9826-6D44651C964F}.Debug|Any CPU.Deploy.0 = Debug|Any CPU
		{A87ADEC5-29AE-4E31-9826-6D44651C964F}.Debug|iPhone.ActiveCfg = Debug|Any CPU
		{A87ADEC5-29AE-4E31-9826-6D44651C964F}.Debug|iPhone.Build.0 = Debug|Any CPU
		{A87ADEC5-29AE-4E31-9826-6D44651C964F}.Debug|iPhone.Deploy.0 = Debug|Any CPU
		{A87ADEC5-29AE-4E31-9826-6D44651C964F}.Debug|iPhoneSimulator.ActiveCfg = Debug|Any CPU
		{A87ADEC5-29AE-4E31-9826-6D44651C964F}.Debug|iPhoneSimulator.Build.0 = Debug|Any CPU
		{A87ADEC5-29AE-4E31-9826-6D44651C964F}.Debug|iPhoneSimulator.Deploy.0 = Debug|Any CPU
		{A87ADEC5-29AE-4E31-9826-6D44651C964F}.Release|Any CPU.ActiveCfg = Release|Any CPU
		{A87ADEC5-29AE-4E31-9826-6D44651C964F}.Release|Any CPU.Build.0 = Release|Any CPU
		{A87ADEC5-29AE-4E31-9826-6D44651C964F}.Release|Any CPU.Deploy.0 = Release|Any CPU
		{A87ADEC5-29AE-4E31-9826-6D44651C964F}.Release|iPhone.ActiveCfg = Release|Any CPU
		{A87ADEC5-29AE-4E31-9826-6D44651C964F}.Release|iPhone.Build.0 = Release|Any CPU
		{A87ADEC5-29AE-4E31-9826-6D44651C964F}.Release|iPhone.Deploy.0 = Release|Any CPU
		{A87ADEC5-29AE-4E31-9826-6D44651C964F}.Release|iPhoneSimulator.ActiveCfg = Release|Any CPU
		{A87ADEC5-29AE-4E31-9826-6D44651C964F}.Release|iPhoneSimulator.Build.0 = Release|Any CPU
		{A87ADEC5-29AE-4E31-9826-6D44651C964F}.Release|iPhoneSimulator.Deploy.0 = Release|Any CPU
		{33A13B29-03F2-4924-923D-0364849AFF2E}.Ad-Hoc|Any CPU.ActiveCfg = Debug|iPhoneSimulator
		{33A13B29-03F2-4924-923D-0364849AFF2E}.Ad-Hoc|Any CPU.Build.0 = Debug|iPhoneSimulator
		{33A13B29-03F2-4924-923D-0364849AFF2E}.Ad-Hoc|iPhone.ActiveCfg = Debug|iPhone
		{33A13B29-03F2-4924-923D-0364849AFF2E}.Ad-Hoc|iPhone.Build.0 = Debug|iPhone
		{33A13B29-03F2-4924-923D-0364849AFF2E}.Ad-Hoc|iPhoneSimulator.ActiveCfg = Debug|iPhoneSimulator
		{33A13B29-03F2-4924-923D-0364849AFF2E}.Ad-Hoc|iPhoneSimulator.Build.0 = Debug|iPhoneSimulator
		{33A13B29-03F2-4924-923D-0364849AFF2E}.AppStore|Any CPU.ActiveCfg = Debug|iPhoneSimulator
		{33A13B29-03F2-4924-923D-0364849AFF2E}.AppStore|Any CPU.Build.0 = Debug|iPhoneSimulator
		{33A13B29-03F2-4924-923D-0364849AFF2E}.AppStore|iPhone.ActiveCfg = Debug|iPhone
		{33A13B29-03F2-4924-923D-0364849AFF2E}.AppStore|iPhone.Build.0 = Debug|iPhone
		{33A13B29-03F2-4924-923D-0364849AFF2E}.AppStore|iPhoneSimulator.ActiveCfg = Debug|iPhoneSimulator
		{33A13B29-03F2-4924-923D-0364849AFF2E}.AppStore|iPhoneSimulator.Build.0 = Debug|iPhoneSimulator
		{33A13B29-03F2-4924-923D-0364849AFF2E}.Debug|Any CPU.ActiveCfg = Debug|iPhoneSimulator
		{33A13B29-03F2-4924-923D-0364849AFF2E}.Debug|iPhone.ActiveCfg = Debug|iPhone
		{33A13B29-03F2-4924-923D-0364849AFF2E}.Debug|iPhone.Build.0 = Debug|iPhone
		{33A13B29-03F2-4924-923D-0364849AFF2E}.Debug|iPhoneSimulator.ActiveCfg = Debug|iPhoneSimulator
		{33A13B29-03F2-4924-923D-0364849AFF2E}.Debug|iPhoneSimulator.Build.0 = Debug|iPhoneSimulator
		{33A13B29-03F2-4924-923D-0364849AFF2E}.Release|Any CPU.ActiveCfg = Release|iPhoneSimulator
		{33A13B29-03F2-4924-923D-0364849AFF2E}.Release|iPhone.ActiveCfg = Release|iPhone
		{33A13B29-03F2-4924-923D-0364849AFF2E}.Release|iPhone.Build.0 = Release|iPhone
		{33A13B29-03F2-4924-923D-0364849AFF2E}.Release|iPhoneSimulator.ActiveCfg = Release|iPhoneSimulator
		{33A13B29-03F2-4924-923D-0364849AFF2E}.Release|iPhoneSimulator.Build.0 = Release|iPhoneSimulator
	EndGlobalSection
	GlobalSection(SolutionProperties) = preSolution
		HideSolutionNode = FALSE
	EndGlobalSection
	GlobalSection(ExtensibilityGlobals) = postSolution
		SolutionGuid = {AAAFE7CA-13D9-469F-A111-4DD293163951}
	EndGlobalSection
EndGlobal
