
Microsoft Visual Studio Solution File, Format Version 12.00
# Visual Studio Version 16
VisualStudioVersion = 16.0.30804.86
MinimumVisualStudioVersion = 10.0.40219.1
Project("{9A19103F-16F7-4668-BE54-9A1E7A4F7556}") = "SAC_VALES.Common", "SAC_VALES.Common\SAC_VALES.Common.csproj", "{3ABE6D7D-5DEB-4670-AC1E-44A15805557B}"
EndProject
Project("{9A19103F-16F7-4668-BE54-9A1E7A4F7556}") = "SAC_VALES.Web", "SAC_VALES.Web\SAC_VALES.Web.csproj", "{0D6EDCEC-391E-4197-B3C6-0D59F751C42A}"
EndProject
Project("{FAE04EC0-301F-11D3-BF4B-00C04F79EFBC}") = "SAC_VALES.Prism", "SAC_VALES.Prism\SAC_VALES.Prism\SAC_VALES.Prism.csproj", "{486443D0-C5AF-4144-9D69-8A1FD41C40FE}"
EndProject
Project("{FAE04EC0-301F-11D3-BF4B-00C04F79EFBC}") = "SAC_VALES.Prism.Android", "SAC_VALES.Prism\SAC_VALES.Prism.Android\SAC_VALES.Prism.Android.csproj", "{4EAE29B3-67C3-4FBD-A356-3729F842FE7A}"
EndProject
Project("{FAE04EC0-301F-11D3-BF4B-00C04F79EFBC}") = "SAC_VALES.Prism.iOS", "SAC_VALES.Prism\SAC_VALES.Prism.iOS\SAC_VALES.Prism.iOS.csproj", "{DF302AF2-F450-4E03-89C3-C7B205FA1EA3}"
EndProject
Global
	GlobalSection(SolutionConfigurationPlatforms) = preSolution
		Ad-Hoc|Any CPU = Ad-Hoc|Any CPU
		Ad-Hoc|iPhone = Ad-Hoc|iPhone
		Ad-Hoc|iPhoneSimulator = Ad-Hoc|iPhoneSimulator
		AppStore|Any CPU = AppStore|Any CPU
		AppStore|iPhone = AppStore|iPhone
		AppStore|iPhoneSimulator = AppStore|iPhoneSimulator
		Debug|Any CPU = Debug|Any CPU
		Debug|iPhone = Debug|iPhone
		Debug|iPhoneSimulator = Debug|iPhoneSimulator
		Release|Any CPU = Release|Any CPU
		Release|iPhone = Release|iPhone
		Release|iPhoneSimulator = Release|iPhoneSimulator
	EndGlobalSection
	GlobalSection(ProjectConfigurationPlatforms) = postSolution
		{3ABE6D7D-5DEB-4670-AC1E-44A15805557B}.Ad-Hoc|Any CPU.ActiveCfg = Debug|Any CPU
		{3ABE6D7D-5DEB-4670-AC1E-44A15805557B}.Ad-Hoc|Any CPU.Build.0 = Debug|Any CPU
		{3ABE6D7D-5DEB-4670-AC1E-44A15805557B}.Ad-Hoc|iPhone.ActiveCfg = Debug|Any CPU
		{3ABE6D7D-5DEB-4670-AC1E-44A15805557B}.Ad-Hoc|iPhone.Build.0 = Debug|Any CPU
		{3ABE6D7D-5DEB-4670-AC1E-44A15805557B}.Ad-Hoc|iPhoneSimulator.ActiveCfg = Debug|Any CPU
		{3ABE6D7D-5DEB-4670-AC1E-44A15805557B}.Ad-Hoc|iPhoneSimulator.Build.0 = Debug|Any CPU
		{3ABE6D7D-5DEB-4670-AC1E-44A15805557B}.AppStore|Any CPU.ActiveCfg = Debug|Any CPU
		{3ABE6D7D-5DEB-4670-AC1E-44A15805557B}.AppStore|Any CPU.Build.0 = Debug|Any CPU
		{3ABE6D7D-5DEB-4670-AC1E-44A15805557B}.AppStore|iPhone.ActiveCfg = Debug|Any CPU
		{3ABE6D7D-5DEB-4670-AC1E-44A15805557B}.AppStore|iPhone.Build.0 = Debug|Any CPU
		{3ABE6D7D-5DEB-4670-AC1E-44A15805557B}.AppStore|iPhoneSimulator.ActiveCfg = Debug|Any CPU
		{3ABE6D7D-5DEB-4670-AC1E-44A15805557B}.AppStore|iPhoneSimulator.Build.0 = Debug|Any CPU
		{3ABE6D7D-5DEB-4670-AC1E-44A15805557B}.Debug|Any CPU.ActiveCfg = Debug|Any CPU
		{3ABE6D7D-5DEB-4670-AC1E-44A15805557B}.Debug|Any CPU.Build.0 = Debug|Any CPU
		{3ABE6D7D-5DEB-4670-AC1E-44A15805557B}.Debug|iPhone.ActiveCfg = Debug|Any CPU
		{3ABE6D7D-5DEB-4670-AC1E-44A15805557B}.Debug|iPhone.Build.0 = Debug|Any CPU
		{3ABE6D7D-5DEB-4670-AC1E-44A15805557B}.Debug|iPhoneSimulator.ActiveCfg = Debug|Any CPU
		{3ABE6D7D-5DEB-4670-AC1E-44A15805557B}.Debug|iPhoneSimulator.Build.0 = Debug|Any CPU
		{3ABE6D7D-5DEB-4670-AC1E-44A15805557B}.Release|Any CPU.ActiveCfg = Release|Any CPU
		{3ABE6D7D-5DEB-4670-AC1E-44A15805557B}.Release|Any CPU.Build.0 = Release|Any CPU
		{3ABE6D7D-5DEB-4670-AC1E-44A15805557B}.Release|iPhone.ActiveCfg = Release|Any CPU
		{3ABE6D7D-5DEB-4670-AC1E-44A15805557B}.Release|iPhone.Build.0 = Release|Any CPU
		{3ABE6D7D-5DEB-4670-AC1E-44A15805557B}.Release|iPhoneSimulator.ActiveCfg = Release|Any CPU
		{3ABE6D7D-5DEB-4670-AC1E-44A15805557B}.Release|iPhoneSimulator.Build.0 = Release|Any CPU
		{0D6EDCEC-391E-4197-B3C6-0D59F751C42A}.Ad-Hoc|Any CPU.ActiveCfg = Debug|Any CPU
		{0D6EDCEC-391E-4197-B3C6-0D59F751C42A}.Ad-Hoc|Any CPU.Build.0 = Debug|Any CPU
		{0D6EDCEC-391E-4197-B3C6-0D59F751C42A}.Ad-Hoc|iPhone.ActiveCfg = Debug|Any CPU
		{0D6EDCEC-391E-4197-B3C6-0D59F751C42A}.Ad-Hoc|iPhone.Build.0 = Debug|Any CPU
		{0D6EDCEC-391E-4197-B3C6-0D59F751C42A}.Ad-Hoc|iPhoneSimulator.ActiveCfg = Debug|Any CPU
		{0D6EDCEC-391E-4197-B3C6-0D59F751C42A}.Ad-Hoc|iPhoneSimulator.Build.0 = Debug|Any CPU
		{0D6EDCEC-391E-4197-B3C6-0D59F751C42A}.AppStore|Any CPU.ActiveCfg = Debug|Any CPU
		{0D6EDCEC-391E-4197-B3C6-0D59F751C42A}.AppStore|Any CPU.Build.0 = Debug|Any CPU
		{0D6EDCEC-391E-4197-B3C6-0D59F751C42A}.AppStore|iPhone.ActiveCfg = Debug|Any CPU
		{0D6EDCEC-391E-4197-B3C6-0D59F751C42A}.AppStore|iPhone.Build.0 = Debug|Any CPU
		{0D6EDCEC-391E-4197-B3C6-0D59F751C42A}.AppStore|iPhoneSimulator.ActiveCfg = Debug|Any CPU
		{0D6EDCEC-391E-4197-B3C6-0D59F751C42A}.AppStore|iPhoneSimulator.Build.0 = Debug|Any CPU
		{0D6EDCEC-391E-4197-B3C6-0D59F751C42A}.Debug|Any CPU.ActiveCfg = Debug|Any CPU
		{0D6EDCEC-391E-4197-B3C6-0D59F751C42A}.Debug|Any CPU.Build.0 = Debug|Any CPU
		{0D6EDCEC-391E-4197-B3C6-0D59F751C42A}.Debug|iPhone.ActiveCfg = Debug|Any CPU
		{0D6EDCEC-391E-4197-B3C6-0D59F751C42A}.Debug|iPhone.Build.0 = Debug|Any CPU
		{0D6EDCEC-391E-4197-B3C6-0D59F751C42A}.Debug|iPhoneSimulator.ActiveCfg = Debug|Any CPU
		{0D6EDCEC-391E-4197-B3C6-0D59F751C42A}.Debug|iPhoneSimulator.Build.0 = Debug|Any CPU
		{0D6EDCEC-391E-4197-B3C6-0D59F751C42A}.Release|Any CPU.ActiveCfg = Release|Any CPU
		{0D6EDCEC-391E-4197-B3C6-0D59F751C42A}.Release|Any CPU.Build.0 = Release|Any CPU
		{0D6EDCEC-391E-4197-B3C6-0D59F751C42A}.Release|iPhone.ActiveCfg = Release|Any CPU
		{0D6EDCEC-391E-4197-B3C6-0D59F751C42A}.Release|iPhone.Build.0 = Release|Any CPU
		{0D6EDCEC-391E-4197-B3C6-0D59F751C42A}.Release|iPhoneSimulator.ActiveCfg = Release|Any CPU
		{0D6EDCEC-391E-4197-B3C6-0D59F751C42A}.Release|iPhoneSimulator.Build.0 = Release|Any CPU
		{486443D0-C5AF-4144-9D69-8A1FD41C40FE}.Ad-Hoc|Any CPU.ActiveCfg = Debug|Any CPU
		{486443D0-C5AF-4144-9D69-8A1FD41C40FE}.Ad-Hoc|Any CPU.Build.0 = Debug|Any CPU
		{486443D0-C5AF-4144-9D69-8A1FD41C40FE}.Ad-Hoc|iPhone.ActiveCfg = Debug|Any CPU
		{486443D0-C5AF-4144-9D69-8A1FD41C40FE}.Ad-Hoc|iPhone.Build.0 = Debug|Any CPU
		{486443D0-C5AF-4144-9D69-8A1FD41C40FE}.Ad-Hoc|iPhoneSimulator.ActiveCfg = Debug|Any CPU
		{486443D0-C5AF-4144-9D69-8A1FD41C40FE}.Ad-Hoc|iPhoneSimulator.Build.0 = Debug|Any CPU
		{486443D0-C5AF-4144-9D69-8A1FD41C40FE}.AppStore|Any CPU.ActiveCfg = Debug|Any CPU
		{486443D0-C5AF-4144-9D69-8A1FD41C40FE}.AppStore|Any CPU.Build.0 = Debug|Any CPU
		{486443D0-C5AF-4144-9D69-8A1FD41C40FE}.AppStore|iPhone.ActiveCfg = Debug|Any CPU
		{486443D0-C5AF-4144-9D69-8A1FD41C40FE}.AppStore|iPhone.Build.0 = Debug|Any CPU
		{486443D0-C5AF-4144-9D69-8A1FD41C40FE}.AppStore|iPhoneSimulator.ActiveCfg = Debug|Any CPU
		{486443D0-C5AF-4144-9D69-8A1FD41C40FE}.AppStore|iPhoneSimulator.Build.0 = Debug|Any CPU
		{486443D0-C5AF-4144-9D69-8A1FD41C40FE}.Debug|Any CPU.ActiveCfg = Debug|Any CPU
		{486443D0-C5AF-4144-9D69-8A1FD41C40FE}.Debug|Any CPU.Build.0 = Debug|Any CPU
		{486443D0-C5AF-4144-9D69-8A1FD41C40FE}.Debug|iPhone.ActiveCfg = Debug|Any CPU
		{486443D0-C5AF-4144-9D69-8A1FD41C40FE}.Debug|iPhone.Build.0 = Debug|Any CPU
		{486443D0-C5AF-4144-9D69-8A1FD41C40FE}.Debug|iPhoneSimulator.ActiveCfg = Debug|Any CPU
		{486443D0-C5AF-4144-9D69-8A1FD41C40FE}.Debug|iPhoneSimulator.Build.0 = Debug|Any CPU
		{486443D0-C5AF-4144-9D69-8A1FD41C40FE}.Release|Any CPU.ActiveCfg = Release|Any CPU
		{486443D0-C5AF-4144-9D69-8A1FD41C40FE}.Release|Any CPU.Build.0 = Release|Any CPU
		{486443D0-C5AF-4144-9D69-8A1FD41C40FE}.Release|iPhone.ActiveCfg = Release|Any CPU
		{486443D0-C5AF-4144-9D69-8A1FD41C40FE}.Release|iPhone.Build.0 = Release|Any CPU
		{486443D0-C5AF-4144-9D69-8A1FD41C40FE}.Release|iPhoneSimulator.ActiveCfg = Release|Any CPU
		{486443D0-C5AF-4144-9D69-8A1FD41C40FE}.Release|iPhoneSimulator.Build.0 = Release|Any CPU
		{4EAE29B3-67C3-4FBD-A356-3729F842FE7A}.Ad-Hoc|Any CPU.ActiveCfg = Debug|Any CPU
		{4EAE29B3-67C3-4FBD-A356-3729F842FE7A}.Ad-Hoc|Any CPU.Build.0 = Debug|Any CPU
		{4EAE29B3-67C3-4FBD-A356-3729F842FE7A}.Ad-Hoc|Any CPU.Deploy.0 = Debug|Any CPU
		{4EAE29B3-67C3-4FBD-A356-3729F842FE7A}.Ad-Hoc|iPhone.ActiveCfg = Debug|Any CPU
		{4EAE29B3-67C3-4FBD-A356-3729F842FE7A}.Ad-Hoc|iPhone.Build.0 = Debug|Any CPU
		{4EAE29B3-67C3-4FBD-A356-3729F842FE7A}.Ad-Hoc|iPhone.Deploy.0 = Debug|Any CPU
		{4EAE29B3-67C3-4FBD-A356-3729F842FE7A}.Ad-Hoc|iPhoneSimulator.ActiveCfg = Debug|Any CPU
		{4EAE29B3-67C3-4FBD-A356-3729F842FE7A}.Ad-Hoc|iPhoneSimulator.Build.0 = Debug|Any CPU
		{4EAE29B3-67C3-4FBD-A356-3729F842FE7A}.Ad-Hoc|iPhoneSimulator.Deploy.0 = Debug|Any CPU
		{4EAE29B3-67C3-4FBD-A356-3729F842FE7A}.AppStore|Any CPU.ActiveCfg = Debug|Any CPU
		{4EAE29B3-67C3-4FBD-A356-3729F842FE7A}.AppStore|Any CPU.Build.0 = Debug|Any CPU
		{4EAE29B3-67C3-4FBD-A356-3729F842FE7A}.AppStore|Any CPU.Deploy.0 = Debug|Any CPU
		{4EAE29B3-67C3-4FBD-A356-3729F842FE7A}.AppStore|iPhone.ActiveCfg = Debug|Any CPU
		{4EAE29B3-67C3-4FBD-A356-3729F842FE7A}.AppStore|iPhone.Build.0 = Debug|Any CPU
		{4EAE29B3-67C3-4FBD-A356-3729F842FE7A}.AppStore|iPhone.Deploy.0 = Debug|Any CPU
		{4EAE29B3-67C3-4FBD-A356-3729F842FE7A}.AppStore|iPhoneSimulator.ActiveCfg = Debug|Any CPU
		{4EAE29B3-67C3-4FBD-A356-3729F842FE7A}.AppStore|iPhoneSimulator.Build.0 = Debug|Any CPU
		{4EAE29B3-67C3-4FBD-A356-3729F842FE7A}.AppStore|iPhoneSimulator.Deploy.0 = Debug|Any CPU
		{4EAE29B3-67C3-4FBD-A356-3729F842FE7A}.Debug|Any CPU.ActiveCfg = Debug|Any CPU
		{4EAE29B3-67C3-4FBD-A356-3729F842FE7A}.Debug|Any CPU.Build.0 = Debug|Any CPU
		{4EAE29B3-67C3-4FBD-A356-3729F842FE7A}.Debug|Any CPU.Deploy.0 = Debug|Any CPU
		{4EAE29B3-67C3-4FBD-A356-3729F842FE7A}.Debug|iPhone.ActiveCfg = Debug|Any CPU
		{4EAE29B3-67C3-4FBD-A356-3729F842FE7A}.Debug|iPhone.Build.0 = Debug|Any CPU
		{4EAE29B3-67C3-4FBD-A356-3729F842FE7A}.Debug|iPhone.Deploy.0 = Debug|Any CPU
		{4EAE29B3-67C3-4FBD-A356-3729F842FE7A}.Debug|iPhoneSimulator.ActiveCfg = Debug|Any CPU
		{4EAE29B3-67C3-4FBD-A356-3729F842FE7A}.Debug|iPhoneSimulator.Build.0 = Debug|Any CPU
		{4EAE29B3-67C3-4FBD-A356-3729F842FE7A}.Debug|iPhoneSimulator.Deploy.0 = Debug|Any CPU
		{4EAE29B3-67C3-4FBD-A356-3729F842FE7A}.Release|Any CPU.ActiveCfg = Release|Any CPU
		{4EAE29B3-67C3-4FBD-A356-3729F842FE7A}.Release|Any CPU.Build.0 = Release|Any CPU
		{4EAE29B3-67C3-4FBD-A356-3729F842FE7A}.Release|Any CPU.Deploy.0 = Release|Any CPU
		{4EAE29B3-67C3-4FBD-A356-3729F842FE7A}.Release|iPhone.ActiveCfg = Release|Any CPU
		{4EAE29B3-67C3-4FBD-A356-3729F842FE7A}.Release|iPhone.Build.0 = Release|Any CPU
		{4EAE29B3-67C3-4FBD-A356-3729F842FE7A}.Release|iPhone.Deploy.0 = Release|Any CPU
		{4EAE29B3-67C3-4FBD-A356-3729F842FE7A}.Release|iPhoneSimulator.ActiveCfg = Release|Any CPU
		{4EAE29B3-67C3-4FBD-A356-3729F842FE7A}.Release|iPhoneSimulator.Build.0 = Release|Any CPU
		{4EAE29B3-67C3-4FBD-A356-3729F842FE7A}.Release|iPhoneSimulator.Deploy.0 = Release|Any CPU
		{DF302AF2-F450-4E03-89C3-C7B205FA1EA3}.Ad-Hoc|Any CPU.ActiveCfg = Ad-Hoc|iPhoneSimulator
		{DF302AF2-F450-4E03-89C3-C7B205FA1EA3}.Ad-Hoc|iPhone.ActiveCfg = Ad-Hoc|iPhone
		{DF302AF2-F450-4E03-89C3-C7B205FA1EA3}.Ad-Hoc|iPhone.Build.0 = Ad-Hoc|iPhone
		{DF302AF2-F450-4E03-89C3-C7B205FA1EA3}.Ad-Hoc|iPhoneSimulator.ActiveCfg = Ad-Hoc|iPhoneSimulator
		{DF302AF2-F450-4E03-89C3-C7B205FA1EA3}.Ad-Hoc|iPhoneSimulator.Build.0 = Ad-Hoc|iPhoneSimulator
		{DF302AF2-F450-4E03-89C3-C7B205FA1EA3}.AppStore|Any CPU.ActiveCfg = AppStore|iPhoneSimulator
		{DF302AF2-F450-4E03-89C3-C7B205FA1EA3}.AppStore|iPhone.ActiveCfg = AppStore|iPhone
		{DF302AF2-F450-4E03-89C3-C7B205FA1EA3}.AppStore|iPhone.Build.0 = AppStore|iPhone
		{DF302AF2-F450-4E03-89C3-C7B205FA1EA3}.AppStore|iPhoneSimulator.ActiveCfg = AppStore|iPhoneSimulator
		{DF302AF2-F450-4E03-89C3-C7B205FA1EA3}.AppStore|iPhoneSimulator.Build.0 = AppStore|iPhoneSimulator
		{DF302AF2-F450-4E03-89C3-C7B205FA1EA3}.Debug|Any CPU.ActiveCfg = Debug|iPhoneSimulator
		{DF302AF2-F450-4E03-89C3-C7B205FA1EA3}.Debug|iPhone.ActiveCfg = Debug|iPhone
		{DF302AF2-F450-4E03-89C3-C7B205FA1EA3}.Debug|iPhone.Build.0 = Debug|iPhone
		{DF302AF2-F450-4E03-89C3-C7B205FA1EA3}.Debug|iPhoneSimulator.ActiveCfg = Debug|iPhoneSimulator
		{DF302AF2-F450-4E03-89C3-C7B205FA1EA3}.Debug|iPhoneSimulator.Build.0 = Debug|iPhoneSimulator
		{DF302AF2-F450-4E03-89C3-C7B205FA1EA3}.Release|Any CPU.ActiveCfg = Release|iPhoneSimulator
		{DF302AF2-F450-4E03-89C3-C7B205FA1EA3}.Release|iPhone.ActiveCfg = Release|iPhone
		{DF302AF2-F450-4E03-89C3-C7B205FA1EA3}.Release|iPhone.Build.0 = Release|iPhone
		{DF302AF2-F450-4E03-89C3-C7B205FA1EA3}.Release|iPhoneSimulator.ActiveCfg = Release|iPhoneSimulator
		{DF302AF2-F450-4E03-89C3-C7B205FA1EA3}.Release|iPhoneSimulator.Build.0 = Release|iPhoneSimulator
	EndGlobalSection
	GlobalSection(SolutionProperties) = preSolution
		HideSolutionNode = FALSE
	EndGlobalSection
	GlobalSection(ExtensibilityGlobals) = postSolution
		SolutionGuid = {AAAFE7CA-13D9-469F-A111-4DD293163951}
	EndGlobalSection
EndGlobal
