
Microsoft Visual Studio Solution File, Format Version 12.00
# Visual Studio Version 16
VisualStudioVersion = 16.0.30804.86
MinimumVisualStudioVersion = 10.0.40219.1
Project("{9A19103F-16F7-4668-BE54-9A1E7A4F7556}") = "SAC_VALES.Common", "SAC_VALES.Common\SAC_VALES.Common.csproj", "{3ABE6D7D-5DEB-4670-AC1E-44A15805557B}"
EndProject
Project("{9A19103F-16F7-4668-BE54-9A1E7A4F7556}") = "SAC_VALES.Web", "SAC_VALES.Web\SAC_VALES.Web.csproj", "{0D6EDCEC-391E-4197-B3C6-0D59F751C42A}"
EndProject
Global
	GlobalSection(SolutionConfigurationPlatforms) = preSolution
		Ad-Hoc|Any CPU = Ad-Hoc|Any CPU
		Ad-Hoc|iPhone = Ad-Hoc|iPhone
		Ad-Hoc|iPhoneSimulator = Ad-Hoc|iPhoneSimulator
		AppStore|Any CPU = AppStore|Any CPU
		AppStore|iPhone = AppStore|iPhone
		AppStore|iPhoneSimulator = AppStore|iPhoneSimulator
		Debug|Any CPU = Debug|Any CPU
		Debug|iPhone = Debug|iPhone
		Debug|iPhoneSimulator = Debug|iPhoneSimulator
		Release|Any CPU = Release|Any CPU
		Release|iPhone = Release|iPhone
		Release|iPhoneSimulator = Release|iPhoneSimulator
	EndGlobalSection
	GlobalSection(ProjectConfigurationPlatforms) = postSolution
		{3ABE6D7D-5DEB-4670-AC1E-44A15805557B}.Ad-Hoc|Any CPU.ActiveCfg = Debug|Any CPU
		{3ABE6D7D-5DEB-4670-AC1E-44A15805557B}.Ad-Hoc|Any CPU.Build.0 = Debug|Any CPU
		{3ABE6D7D-5DEB-4670-AC1E-44A15805557B}.Ad-Hoc|iPhone.ActiveCfg = Debug|Any CPU
		{3ABE6D7D-5DEB-4670-AC1E-44A15805557B}.Ad-Hoc|iPhone.Build.0 = Debug|Any CPU
		{3ABE6D7D-5DEB-4670-AC1E-44A15805557B}.Ad-Hoc|iPhoneSimulator.ActiveCfg = Debug|Any CPU
		{3ABE6D7D-5DEB-4670-AC1E-44A15805557B}.Ad-Hoc|iPhoneSimulator.Build.0 = Debug|Any CPU
		{3ABE6D7D-5DEB-4670-AC1E-44A15805557B}.AppStore|Any CPU.ActiveCfg = Debug|Any CPU
		{3ABE6D7D-5DEB-4670-AC1E-44A15805557B}.AppStore|Any CPU.Build.0 = Debug|Any CPU
		{3ABE6D7D-5DEB-4670-AC1E-44A15805557B}.AppStore|iPhone.ActiveCfg = Debug|Any CPU
		{3ABE6D7D-5DEB-4670-AC1E-44A15805557B}.AppStore|iPhone.Build.0 = Debug|Any CPU
		{3ABE6D7D-5DEB-4670-AC1E-44A15805557B}.AppStore|iPhoneSimulator.ActiveCfg = Debug|Any CPU
		{3ABE6D7D-5DEB-4670-AC1E-44A15805557B}.AppStore|iPhoneSimulator.Build.0 = Debug|Any CPU
		{3ABE6D7D-5DEB-4670-AC1E-44A15805557B}.Debug|Any CPU.ActiveCfg = Debug|Any CPU
		{3ABE6D7D-5DEB-4670-AC1E-44A15805557B}.Debug|Any CPU.Build.0 = Debug|Any CPU
		{3ABE6D7D-5DEB-4670-AC1E-44A15805557B}.Debug|iPhone.ActiveCfg = Debug|Any CPU
		{3ABE6D7D-5DEB-4670-AC1E-44A15805557B}.Debug|iPhone.Build.0 = Debug|Any CPU
		{3ABE6D7D-5DEB-4670-AC1E-44A15805557B}.Debug|iPhoneSimulator.ActiveCfg = Debug|Any CPU
		{3ABE6D7D-5DEB-4670-AC1E-44A15805557B}.Debug|iPhoneSimulator.Build.0 = Debug|Any CPU
		{3ABE6D7D-5DEB-4670-AC1E-44A15805557B}.Release|Any CPU.ActiveCfg = Release|Any CPU
		{3ABE6D7D-5DEB-4670-AC1E-44A15805557B}.Release|Any CPU.Build.0 = Release|Any CPU
		{3ABE6D7D-5DEB-4670-AC1E-44A15805557B}.Release|iPhone.ActiveCfg = Release|Any CPU
		{3ABE6D7D-5DEB-4670-AC1E-44A15805557B}.Release|iPhone.Build.0 = Release|Any CPU
		{3ABE6D7D-5DEB-4670-AC1E-44A15805557B}.Release|iPhoneSimulator.ActiveCfg = Release|Any CPU
		{3ABE6D7D-5DEB-4670-AC1E-44A15805557B}.Release|iPhoneSimulator.Build.0 = Release|Any CPU
		{0D6EDCEC-391E-4197-B3C6-0D59F751C42A}.Ad-Hoc|Any CPU.ActiveCfg = Debug|Any CPU
		{0D6EDCEC-391E-4197-B3C6-0D59F751C42A}.Ad-Hoc|Any CPU.Build.0 = Debug|Any CPU
		{0D6EDCEC-391E-4197-B3C6-0D59F751C42A}.Ad-Hoc|iPhone.ActiveCfg = Debug|Any CPU
		{0D6EDCEC-391E-4197-B3C6-0D59F751C42A}.Ad-Hoc|iPhone.Build.0 = Debug|Any CPU
		{0D6EDCEC-391E-4197-B3C6-0D59F751C42A}.Ad-Hoc|iPhoneSimulator.ActiveCfg = Debug|Any CPU
		{0D6EDCEC-391E-4197-B3C6-0D59F751C42A}.Ad-Hoc|iPhoneSimulator.Build.0 = Debug|Any CPU
		{0D6EDCEC-391E-4197-B3C6-0D59F751C42A}.AppStore|Any CPU.ActiveCfg = Debug|Any CPU
		{0D6EDCEC-391E-4197-B3C6-0D59F751C42A}.AppStore|Any CPU.Build.0 = Debug|Any CPU
		{0D6EDCEC-391E-4197-B3C6-0D59F751C42A}.AppStore|iPhone.ActiveCfg = Debug|Any CPU
		{0D6EDCEC-391E-4197-B3C6-0D59F751C42A}.AppStore|iPhone.Build.0 = Debug|Any CPU
		{0D6EDCEC-391E-4197-B3C6-0D59F751C42A}.AppStore|iPhoneSimulator.ActiveCfg = Debug|Any CPU
		{0D6EDCEC-391E-4197-B3C6-0D59F751C42A}.AppStore|iPhoneSimulator.Build.0 = Debug|Any CPU
		{0D6EDCEC-391E-4197-B3C6-0D59F751C42A}.Debug|Any CPU.ActiveCfg = Debug|Any CPU
		{0D6EDCEC-391E-4197-B3C6-0D59F751C42A}.Debug|Any CPU.Build.0 = Debug|Any CPU
		{0D6EDCEC-391E-4197-B3C6-0D59F751C42A}.Debug|iPhone.ActiveCfg = Debug|Any CPU
		{0D6EDCEC-391E-4197-B3C6-0D59F751C42A}.Debug|iPhone.Build.0 = Debug|Any CPU
		{0D6EDCEC-391E-4197-B3C6-0D59F751C42A}.Debug|iPhoneSimulator.ActiveCfg = Debug|Any CPU
		{0D6EDCEC-391E-4197-B3C6-0D59F751C42A}.Debug|iPhoneSimulator.Build.0 = Debug|Any CPU
		{0D6EDCEC-391E-4197-B3C6-0D59F751C42A}.Release|Any CPU.ActiveCfg = Release|Any CPU
		{0D6EDCEC-391E-4197-B3C6-0D59F751C42A}.Release|Any CPU.Build.0 = Release|Any CPU
		{0D6EDCEC-391E-4197-B3C6-0D59F751C42A}.Release|iPhone.ActiveCfg = Release|Any CPU
		{0D6EDCEC-391E-4197-B3C6-0D59F751C42A}.Release|iPhone.Build.0 = Release|Any CPU
		{0D6EDCEC-391E-4197-B3C6-0D59F751C42A}.Release|iPhoneSimulator.ActiveCfg = Release|Any CPU
		{0D6EDCEC-391E-4197-B3C6-0D59F751C42A}.Release|iPhoneSimulator.Build.0 = Release|Any CPU
	EndGlobalSection
	GlobalSection(SolutionProperties) = preSolution
		HideSolutionNode = FALSE
	EndGlobalSection
	GlobalSection(ExtensibilityGlobals) = postSolution
		SolutionGuid = {AAAFE7CA-13D9-469F-A111-4DD293163951}
	EndGlobalSection
EndGlobal
